
Microsoft Visual Studio Solution File, Format Version 12.00
# Visual Studio 15
VisualStudioVersion = 15.0.27004.2006
MinimumVisualStudioVersion = 10.0.40219.1
Project("{8BC9CEB8-8B4A-11D0-8D11-00A0C91BC942}") = "FANUC Client", "FANUC Client\FANUC Client.vcxproj", "{F4A2744E-BAA8-438F-B935-134946ADEFFD}"
	ProjectSection(ProjectDependencies) = postProject
		{B3E88421-B083-46B5-B5CE-CFFB120D252D} = {B3E88421-B083-46B5-B5CE-CFFB120D252D}
		{FAEE1143-DECE-40CA-B722-B5E24A4AFF62} = {FAEE1143-DECE-40CA-B722-B5E24A4AFF62}
		{DB552DF5-6FDB-4A42-B3CF-7D7CAE0C7FC6} = {DB552DF5-6FDB-4A42-B3CF-7D7CAE0C7FC6}
	EndProjectSection
EndProject
Project("{8BC9CEB8-8B4A-11D0-8D11-00A0C91BC942}") = "echo_fedya", "..\echo_fedya\ConsoleApplication1\ConsoleApplication1.vcxproj", "{B3E88421-B083-46B5-B5CE-CFFB120D252D}"
EndProject
Project("{8BC9CEB8-8B4A-11D0-8D11-00A0C91BC942}") = "SharedMemoryRead", "..\SharedMemoryRead\SharedMemoryRead\SharedMemoryRead.vcxproj", "{DB552DF5-6FDB-4A42-B3CF-7D7CAE0C7FC6}"
EndProject
Project("{8BC9CEB8-8B4A-11D0-8D11-00A0C91BC942}") = "SharedMemoryWrite", "..\SharedMemoryWrite\SharedMemoryWrite\SharedMemoryWrite.vcxproj", "{FAEE1143-DECE-40CA-B722-B5E24A4AFF62}"
EndProject
Project("{8BC9CEB8-8B4A-11D0-8D11-00A0C91BC942}") = "tcpClientFedya", "tcpClientFedya\tcpClientFedya.vcxproj", "{EFC2411E-CC78-4E58-BAF5-241E05606E57}"
EndProject
Global
	GlobalSection(SolutionConfigurationPlatforms) = preSolution
		Debug|x64 = Debug|x64
		Debug|x86 = Debug|x86
		Release|x64 = Release|x64
		Release|x86 = Release|x86
	EndGlobalSection
	GlobalSection(ProjectConfigurationPlatforms) = postSolution
		{F4A2744E-BAA8-438F-B935-134946ADEFFD}.Debug|x64.ActiveCfg = Debug|x64
		{F4A2744E-BAA8-438F-B935-134946ADEFFD}.Debug|x64.Build.0 = Debug|x64
		{F4A2744E-BAA8-438F-B935-134946ADEFFD}.Debug|x86.ActiveCfg = Debug|Win32
		{F4A2744E-BAA8-438F-B935-134946ADEFFD}.Debug|x86.Build.0 = Debug|Win32
		{F4A2744E-BAA8-438F-B935-134946ADEFFD}.Release|x64.ActiveCfg = Release|x64
		{F4A2744E-BAA8-438F-B935-134946ADEFFD}.Release|x64.Build.0 = Release|x64
		{F4A2744E-BAA8-438F-B935-134946ADEFFD}.Release|x86.ActiveCfg = Release|Win32
		{F4A2744E-BAA8-438F-B935-134946ADEFFD}.Release|x86.Build.0 = Release|Win32
		{B3E88421-B083-46B5-B5CE-CFFB120D252D}.Debug|x64.ActiveCfg = Debug|x64
		{B3E88421-B083-46B5-B5CE-CFFB120D252D}.Debug|x64.Build.0 = Debug|x64
		{B3E88421-B083-46B5-B5CE-CFFB120D252D}.Debug|x86.ActiveCfg = Debug|Win32
		{B3E88421-B083-46B5-B5CE-CFFB120D252D}.Debug|x86.Build.0 = Debug|Win32
		{B3E88421-B083-46B5-B5CE-CFFB120D252D}.Release|x64.ActiveCfg = Release|x64
		{B3E88421-B083-46B5-B5CE-CFFB120D252D}.Release|x64.Build.0 = Release|x64
		{B3E88421-B083-46B5-B5CE-CFFB120D252D}.Release|x86.ActiveCfg = Release|Win32
		{B3E88421-B083-46B5-B5CE-CFFB120D252D}.Release|x86.Build.0 = Release|Win32
		{DB552DF5-6FDB-4A42-B3CF-7D7CAE0C7FC6}.Debug|x64.ActiveCfg = Debug|x64
		{DB552DF5-6FDB-4A42-B3CF-7D7CAE0C7FC6}.Debug|x64.Build.0 = Debug|x64
		{DB552DF5-6FDB-4A42-B3CF-7D7CAE0C7FC6}.Debug|x86.ActiveCfg = Debug|Win32
		{DB552DF5-6FDB-4A42-B3CF-7D7CAE0C7FC6}.Debug|x86.Build.0 = Debug|Win32
		{DB552DF5-6FDB-4A42-B3CF-7D7CAE0C7FC6}.Release|x64.ActiveCfg = Release|x64
		{DB552DF5-6FDB-4A42-B3CF-7D7CAE0C7FC6}.Release|x64.Build.0 = Release|x64
		{DB552DF5-6FDB-4A42-B3CF-7D7CAE0C7FC6}.Release|x86.ActiveCfg = Release|Win32
		{DB552DF5-6FDB-4A42-B3CF-7D7CAE0C7FC6}.Release|x86.Build.0 = Release|Win32
		{FAEE1143-DECE-40CA-B722-B5E24A4AFF62}.Debug|x64.ActiveCfg = Debug|x64
		{FAEE1143-DECE-40CA-B722-B5E24A4AFF62}.Debug|x64.Build.0 = Debug|x64
		{FAEE1143-DECE-40CA-B722-B5E24A4AFF62}.Debug|x86.ActiveCfg = Debug|Win32
		{FAEE1143-DECE-40CA-B722-B5E24A4AFF62}.Debug|x86.Build.0 = Debug|Win32
		{FAEE1143-DECE-40CA-B722-B5E24A4AFF62}.Release|x64.ActiveCfg = Release|x64
		{FAEE1143-DECE-40CA-B722-B5E24A4AFF62}.Release|x64.Build.0 = Release|x64
		{FAEE1143-DECE-40CA-B722-B5E24A4AFF62}.Release|x86.ActiveCfg = Release|Win32
		{FAEE1143-DECE-40CA-B722-B5E24A4AFF62}.Release|x86.Build.0 = Release|Win32
		{EFC2411E-CC78-4E58-BAF5-241E05606E57}.Debug|x64.ActiveCfg = Debug|x64
		{EFC2411E-CC78-4E58-BAF5-241E05606E57}.Debug|x64.Build.0 = Debug|x64
		{EFC2411E-CC78-4E58-BAF5-241E05606E57}.Debug|x86.ActiveCfg = Debug|Win32
		{EFC2411E-CC78-4E58-BAF5-241E05606E57}.Debug|x86.Build.0 = Debug|Win32
		{EFC2411E-CC78-4E58-BAF5-241E05606E57}.Release|x64.ActiveCfg = Release|x64
		{EFC2411E-CC78-4E58-BAF5-241E05606E57}.Release|x64.Build.0 = Release|x64
		{EFC2411E-CC78-4E58-BAF5-241E05606E57}.Release|x86.ActiveCfg = Release|Win32
		{EFC2411E-CC78-4E58-BAF5-241E05606E57}.Release|x86.Build.0 = Release|Win32
	EndGlobalSection
	GlobalSection(SolutionProperties) = preSolution
		HideSolutionNode = FALSE
	EndGlobalSection
	GlobalSection(ExtensibilityGlobals) = postSolution
		SolutionGuid = {7D00E174-7FA7-479A-8A58-D24DF9AF6B7E}
	EndGlobalSection
EndGlobal
