<?xml version="1.0" encoding="utf-8"?>
<Project ToolsVersion="4.0" xmlns="http://schemas.microsoft.com/developer/msbuild/2003">
  <ItemGroup>
    <Filter Include="Файлы исходного кода">
      <UniqueIdentifier>{4FC737F1-C7A5-4376-A066-2A32D752A2FF}</UniqueIdentifier>
      <Extensions>cpp;c;cc;cxx;def;odl;idl;hpj;bat;asm;asmx</Extensions>
    </Filter>
    <Filter Include="Заголовочные файлы">
      <UniqueIdentifier>{93995380-89BD-4b04-88EB-625FBE52EBFB}</UniqueIdentifier>
      <Extensions>h;hh;hpp;hxx;hm;inl;inc;xsd</Extensions>
    </Filter>
    <Filter Include="Файлы ресурсов">
      <UniqueIdentifier>{67DA6AB6-F800-4c08-8B7A-83BB121AAD01}</UniqueIdentifier>
      <Extensions>rc;ico;cur;bmp;dlg;rc2;rct;bin;rgs;gif;jpg;jpeg;jpe;resx;tiff;tif;png;wav;mfcribbon-ms</Extensions>
    </Filter>
    <Filter Include="Заголовочные файлы\Conteiners">
      <UniqueIdentifier>{c713abaa-7e39-4b84-9849-cb7d10d97746}</UniqueIdentifier>
    </Filter>
    <Filter Include="Заголовочные файлы\ModificatedClasses">
      <UniqueIdentifier>{da425a7a-9bf6-460d-9774-dbddefb2b268}</UniqueIdentifier>
    </Filter>
    <Filter Include="Заголовочные файлы\winSock">
      <UniqueIdentifier>{8521ad6d-ea8c-42f9-a3d1-e36795f136a1}</UniqueIdentifier>
    </Filter>
    <Filter Include="Заголовочные файлы\RobotConnection">
      <UniqueIdentifier>{e80a0a09-0b51-4a46-a245-cc7072f454d8}</UniqueIdentifier>
    </Filter>
    <Filter Include="Заголовочные файлы\ConsoleInteface">
      <UniqueIdentifier>{33db4b7e-70f1-4081-9d88-433746b5bb6c}</UniqueIdentifier>
    </Filter>
    <Filter Include="Файлы исходного кода\ModificatedClasses">
      <UniqueIdentifier>{9ab094a7-60cc-4b56-a581-9e822384bc60}</UniqueIdentifier>
    </Filter>
    <Filter Include="Заголовочные файлы\template difinitions">
      <UniqueIdentifier>{439ebc74-e491-443d-8a34-b927221c1f45}</UniqueIdentifier>
    </Filter>
    <Filter Include="Заголовочные файлы\template difinitions\ModificatedClasses">
      <UniqueIdentifier>{ffe7d613-5078-480f-bd88-6f14c25f0073}</UniqueIdentifier>
    </Filter>
    <Filter Include="Файлы исходного кода\winSock">
      <UniqueIdentifier>{087da938-61da-48b4-851a-d72a0e0a0da3}</UniqueIdentifier>
    </Filter>
    <Filter Include="Заголовочные файлы\template difinitions\winSock">
      <UniqueIdentifier>{f4335fa8-709e-4018-8602-85e77f420825}</UniqueIdentifier>
    </Filter>
  </ItemGroup>
  <ItemGroup>
    <ClCompile Include="Main.cpp">
      <Filter>Файлы исходного кода</Filter>
    </ClCompile>
    <ClCompile Include="MyThread.cpp">
      <Filter>Файлы исходного кода\ModificatedClasses</Filter>
    </ClCompile>
    <ClCompile Include="MyQueue.cpp">
      <Filter>Файлы исходного кода\ModificatedClasses</Filter>
    </ClCompile>
    <ClCompile Include="tcpConnection.cpp">
      <Filter>Файлы исходного кода\winSock</Filter>
    </ClCompile>
    <ClCompile Include="SocketWorking.cpp">
      <Filter>Файлы исходного кода\winSock</Filter>
    </ClCompile>
  </ItemGroup>
  <ItemGroup>
    <ClInclude Include="Field.hpp">
      <Filter>Заголовочные файлы\ConsoleInteface</Filter>
    </ClInclude>
    <ClInclude Include="MyShower.hpp">
      <Filter>Заголовочные файлы\ConsoleInteface</Filter>
    </ClInclude>
    <ClInclude Include="RobotCoord.hpp">
      <Filter>Заголовочные файлы\Conteiners</Filter>
    </ClInclude>
    <ClInclude Include="MyQueue.hpp">
      <Filter>Заголовочные файлы\ModificatedClasses</Filter>
    </ClInclude>
    <ClInclude Include="MyThread.hpp">
      <Filter>Заголовочные файлы\ModificatedClasses</Filter>
    </ClInclude>
    <ClInclude Include="SocketWorking.hpp">
      <Filter>Заголовочные файлы\winSock</Filter>
    </ClInclude>
    <ClInclude Include="RobotComunication.hpp">
      <Filter>Заголовочные файлы\RobotConnection</Filter>
    </ClInclude>
    <ClInclude Include="RobotSend.hpp">
      <Filter>Заголовочные файлы\RobotConnection</Filter>
    </ClInclude>
    <ClInclude Include="RobotRecieve.hpp">
      <Filter>Заголовочные файлы\RobotConnection</Filter>
    </ClInclude>
    <ClInclude Include="tcpServer.hpp">
      <Filter>Заголовочные файлы\winSock</Filter>
    </ClInclude>
    <ClInclude Include="tcpConnection.hpp">
      <Filter>Заголовочные файлы\winSock</Filter>
    </ClInclude>
    <ClInclude Include="MyThreadDifintion.hpp">
      <Filter>Заголовочные файлы\template difinitions\ModificatedClasses</Filter>
    </ClInclude>
    <ClInclude Include="MyQueueDifintion.hpp">
      <Filter>Заголовочные файлы\template difinitions\ModificatedClasses</Filter>
    </ClInclude>
    <ClInclude Include="tcpConnectionDifinition.hpp">
      <Filter>Заголовочные файлы\template difinitions\winSock</Filter>
    </ClInclude>
    <ClInclude Include="SocketWorkingDifinition.hpp">
      <Filter>Заголовочные файлы\template difinitions\winSock</Filter>
    </ClInclude>
  </ItemGroup>
  <ItemGroup>
    <Text Include="logs.txt" />
    <Text Include="sets.txt" />
    <Text Include="saver.txt" />
    <Text Include="fedya_config.txt" />
  </ItemGroup>
</Project>