<?xml version="1.0" encoding="utf-8"?>
<Project ToolsVersion="4.0" xmlns="http://schemas.microsoft.com/developer/msbuild/2003">
  <ItemGroup>
    <Filter Include="Header Files">
      <UniqueIdentifier>{93995380-89BD-4b04-88EB-625FBE52EBFB}</UniqueIdentifier>
      <Extensions>h;hh;hpp;hxx;hm;inl;inc;xsd</Extensions>
    </Filter>
    <Filter Include="Header Files\Conteiners">
      <UniqueIdentifier>{c713abaa-7e39-4b84-9849-cb7d10d97746}</UniqueIdentifier>
    </Filter>
    <Filter Include="Header Files\ModificatedClasses">
      <UniqueIdentifier>{da425a7a-9bf6-460d-9774-dbddefb2b268}</UniqueIdentifier>
    </Filter>
    <Filter Include="Header Files\winSock">
      <UniqueIdentifier>{8521ad6d-ea8c-42f9-a3d1-e36795f136a1}</UniqueIdentifier>
    </Filter>
    <Filter Include="Header Files\RobotConnection">
      <UniqueIdentifier>{e80a0a09-0b51-4a46-a245-cc7072f454d8}</UniqueIdentifier>
    </Filter>
    <Filter Include="Header Files\ConsoleInteface">
      <UniqueIdentifier>{33db4b7e-70f1-4081-9d88-433746b5bb6c}</UniqueIdentifier>
    </Filter>
    <Filter Include="Resources Files">
      <UniqueIdentifier>{67DA6AB6-F800-4c08-8B7A-83BB121AAD01}</UniqueIdentifier>
      <Extensions>rc;ico;cur;bmp;dlg;rc2;rct;bin;rgs;gif;jpg;jpeg;jpe;resx;tiff;tif;png;wav;mfcribbon-ms</Extensions>
    </Filter>
    <Filter Include="Source Files">
      <UniqueIdentifier>{4FC737F1-C7A5-4376-A066-2A32D752A2FF}</UniqueIdentifier>
      <Extensions>cpp;c;cc;cxx;def;odl;idl;hpj;bat;asm;asmx</Extensions>
    </Filter>
    <Filter Include="Source Files\ModificatedClasses">
      <UniqueIdentifier>{9ab094a7-60cc-4b56-a581-9e822384bc60}</UniqueIdentifier>
    </Filter>
    <Filter Include="Source Files\winSock">
      <UniqueIdentifier>{087da938-61da-48b4-851a-d72a0e0a0da3}</UniqueIdentifier>
    </Filter>
    <Filter Include="Source Files\ConsoleInterface">
      <UniqueIdentifier>{2a30c8b9-7a09-418e-a5a1-d9a310481c54}</UniqueIdentifier>
    </Filter>
    <Filter Include="Header Files\template definitions">
      <UniqueIdentifier>{439ebc74-e491-443d-8a34-b927221c1f45}</UniqueIdentifier>
    </Filter>
    <Filter Include="Header Files\template definitions\ModificatedClasses">
      <UniqueIdentifier>{ffe7d613-5078-480f-bd88-6f14c25f0073}</UniqueIdentifier>
    </Filter>
    <Filter Include="Header Files\template definitions\winSock">
      <UniqueIdentifier>{f4335fa8-709e-4018-8602-85e77f420825}</UniqueIdentifier>
    </Filter>
    <Filter Include="Header Files\template definitions\RobotConnection">
      <UniqueIdentifier>{891e73d0-5621-46e8-9116-9020b9dd591c}</UniqueIdentifier>
    </Filter>
    <Filter Include="Header Files\template definitions\ConsoleInterface">
      <UniqueIdentifier>{02f3ccb7-4094-4251-9129-05ae5c360bab}</UniqueIdentifier>
    </Filter>
  </ItemGroup>
  <ItemGroup>
    <ClCompile Include="Main.cpp">
      <Filter>Source Files</Filter>
    </ClCompile>
    <ClCompile Include="MyThread.cpp">
      <Filter>Source Files\ModificatedClasses</Filter>
    </ClCompile>
    <ClCompile Include="SocketWorking.cpp">
      <Filter>Source Files\winSock</Filter>
    </ClCompile>
    <ClCompile Include="MyShower.cpp">
      <Filter>Source Files\ConsoleInterface</Filter>
    </ClCompile>
    <ClCompile Include="Message.cpp">
      <Filter>Source Files\ConsoleInterface</Filter>
    </ClCompile>
  </ItemGroup>
  <ItemGroup>
    <ClInclude Include="MyShower.hpp">
      <Filter>Header Files\ConsoleInteface</Filter>
    </ClInclude>
    <ClInclude Include="RobotCoord.hpp">
      <Filter>Header Files\Conteiners</Filter>
    </ClInclude>
    <ClInclude Include="MyQueue.hpp">
      <Filter>Header Files\ModificatedClasses</Filter>
    </ClInclude>
    <ClInclude Include="MyThread.hpp">
      <Filter>Header Files\ModificatedClasses</Filter>
    </ClInclude>
    <ClInclude Include="SocketWorking.hpp">
      <Filter>Header Files\winSock</Filter>
    </ClInclude>
    <ClInclude Include="RobotSend.hpp">
      <Filter>Header Files\RobotConnection</Filter>
    </ClInclude>
    <ClInclude Include="tcpServer.hpp">
      <Filter>Header Files\winSock</Filter>
    </ClInclude>
    <ClInclude Include="tcpConnection.hpp">
      <Filter>Header Files\winSock</Filter>
    </ClInclude>
    <ClInclude Include="Message.hpp">
      <Filter>Header Files\ConsoleInteface</Filter>
    </ClInclude>
    <ClInclude Include="Field.hpp">
      <Filter>Header Files\ConsoleInteface</Filter>
    </ClInclude>
    <ClInclude Include="StaticField.hpp">
      <Filter>Header Files\ConsoleInteface</Filter>
    </ClInclude>
    <ClInclude Include="Field.inl">
      <Filter>Header Files\template definitions\ConsoleInterface</Filter>
    </ClInclude>
    <ClInclude Include="MyShower.inl">
      <Filter>Header Files\template definitions\ConsoleInterface</Filter>
    </ClInclude>
    <ClInclude Include="MyQueue.inl">
      <Filter>Header Files\template definitions\ModificatedClasses</Filter>
    </ClInclude>
    <ClInclude Include="MyThread.inl">
      <Filter>Header Files\template definitions\ModificatedClasses</Filter>
    </ClInclude>
    <ClInclude Include="RobotCommunication.hpp">
      <Filter>Header Files\RobotConnection</Filter>
    </ClInclude>
    <ClInclude Include="RobotCommunication.inl">
      <Filter>Header Files\template definitions\RobotConnection</Filter>
    </ClInclude>
    <ClInclude Include="RobotReceive.hpp">
      <Filter>Header Files\RobotConnection</Filter>
    </ClInclude>
    <ClInclude Include="RobotReceive.inl">
      <Filter>Header Files\template definitions\RobotConnection</Filter>
    </ClInclude>
    <ClInclude Include="RobotSend.inl">
      <Filter>Header Files\template definitions\RobotConnection</Filter>
    </ClInclude>
    <ClInclude Include="tcpConnection.inl">
      <Filter>Header Files\template definitions\winSock</Filter>
    </ClInclude>
    <ClInclude Include="tcpServer.inl">
      <Filter>Header Files\template definitions\winSock</Filter>
    </ClInclude>
  </ItemGroup>
  <ItemGroup>
    <Text Include="logs.txt" />
    <Text Include="saver.txt" />
    <Text Include="fedya_config.txt" />
    <Text Include="sets.txt" />
  </ItemGroup>
  <ItemGroup>
    <None Include="StaticField.inl">
      <Filter>Header Files\template definitions\ConsoleInterface</Filter>
    </None>
  </ItemGroup>
</Project>